
Microsoft Visual Studio Solution File, Format Version 12.00
# Visual Studio Version 17
VisualStudioVersion = 17.3.32929.385
MinimumVisualStudioVersion = 10.0.40219.1
Project("{9A19103F-16F7-4668-BE54-9A1E7A4F7556}") = "FastFindFix.Android", "FastFindFix.Android\FastFindFix.Android.csproj", "{1C03E8C5-C590-4ABF-98F0-77F415963888}"
EndProject
Project("{2150E333-8FDC-42A3-9474-1A3956D46DE8}") = "libs", "libs", "{C7A88986-138B-41FF-8A66-6236FC6CCC2A}"
EndProject
Project("{9A19103F-16F7-4668-BE54-9A1E7A4F7556}") = "Firebase.Auth", "..\..\CTS Games\Libs\firebase-authentication-dotnet\src\Firebase.Auth\Firebase.Auth.csproj", "{02E7A27B-B9A0-4C12-A3D9-800329D2AAE0}"
EndProject
Project("{9A19103F-16F7-4668-BE54-9A1E7A4F7556}") = "Firebase", "..\..\CTS Games\Libs\firebase-database-dotnet\src\Firebase\Firebase.csproj", "{18913ADA-04D1-4050-BB0E-3CAB34F38BFF}"
EndProject
Project("{9A19103F-16F7-4668-BE54-9A1E7A4F7556}") = "Firebase.Storage", "..\..\CTS Games\Libs\firebase-storage-dotnet\src\Firebase.Storage\Firebase.Storage.csproj", "{4F8CB004-9659-4D6F-8CF2-49875A6FA0FE}"
EndProject
Project("{FAE04EC0-301F-11D3-BF4B-00C04F79EFBC}") = "FastFindFix.iOS", "FastFindFix.iOS\FastFindFix.iOS.csproj", "{2F8CFD35-26E5-40A2-BBA2-1C6ADFAA4CE3}"
EndProject
Global
	GlobalSection(SolutionConfigurationPlatforms) = preSolution
		Debug|Any CPU = Debug|Any CPU
		Release|Any CPU = Release|Any CPU
	EndGlobalSection
	GlobalSection(ProjectConfigurationPlatforms) = postSolution
		{1C03E8C5-C590-4ABF-98F0-77F415963888}.Debug|Any CPU.ActiveCfg = Debug|Any CPU
		{1C03E8C5-C590-4ABF-98F0-77F415963888}.Debug|Any CPU.Build.0 = Debug|Any CPU
		{1C03E8C5-C590-4ABF-98F0-77F415963888}.Debug|Any CPU.Deploy.0 = Debug|Any CPU
		{1C03E8C5-C590-4ABF-98F0-77F415963888}.Release|Any CPU.ActiveCfg = Release|Any CPU
		{1C03E8C5-C590-4ABF-98F0-77F415963888}.Release|Any CPU.Build.0 = Release|Any CPU
		{1C03E8C5-C590-4ABF-98F0-77F415963888}.Release|Any CPU.Deploy.0 = Release|Any CPU
		{02E7A27B-B9A0-4C12-A3D9-800329D2AAE0}.Debug|Any CPU.ActiveCfg = Debug|Any CPU
		{02E7A27B-B9A0-4C12-A3D9-800329D2AAE0}.Debug|Any CPU.Build.0 = Debug|Any CPU
		{02E7A27B-B9A0-4C12-A3D9-800329D2AAE0}.Release|Any CPU.ActiveCfg = Release|Any CPU
		{02E7A27B-B9A0-4C12-A3D9-800329D2AAE0}.Release|Any CPU.Build.0 = Release|Any CPU
		{18913ADA-04D1-4050-BB0E-3CAB34F38BFF}.Debug|Any CPU.ActiveCfg = Debug|Any CPU
		{18913ADA-04D1-4050-BB0E-3CAB34F38BFF}.Debug|Any CPU.Build.0 = Debug|Any CPU
		{18913ADA-04D1-4050-BB0E-3CAB34F38BFF}.Release|Any CPU.ActiveCfg = Release|Any CPU
		{18913ADA-04D1-4050-BB0E-3CAB34F38BFF}.Release|Any CPU.Build.0 = Release|Any CPU
		{4F8CB004-9659-4D6F-8CF2-49875A6FA0FE}.Debug|Any CPU.ActiveCfg = Debug|Any CPU
		{4F8CB004-9659-4D6F-8CF2-49875A6FA0FE}.Debug|Any CPU.Build.0 = Debug|Any CPU
		{4F8CB004-9659-4D6F-8CF2-49875A6FA0FE}.Release|Any CPU.ActiveCfg = Release|Any CPU
		{4F8CB004-9659-4D6F-8CF2-49875A6FA0FE}.Release|Any CPU.Build.0 = Release|Any CPU
		{2F8CFD35-26E5-40A2-BBA2-1C6ADFAA4CE3}.Debug|Any CPU.ActiveCfg = Debug|Any CPU
		{2F8CFD35-26E5-40A2-BBA2-1C6ADFAA4CE3}.Debug|Any CPU.Build.0 = Debug|Any CPU
		{2F8CFD35-26E5-40A2-BBA2-1C6ADFAA4CE3}.Debug|Any CPU.Deploy.0 = Debug|Any CPU
		{2F8CFD35-26E5-40A2-BBA2-1C6ADFAA4CE3}.Release|Any CPU.ActiveCfg = Release|Any CPU
		{2F8CFD35-26E5-40A2-BBA2-1C6ADFAA4CE3}.Release|Any CPU.Build.0 = Release|Any CPU
		{2F8CFD35-26E5-40A2-BBA2-1C6ADFAA4CE3}.Release|Any CPU.Deploy.0 = Release|Any CPU
	EndGlobalSection
	GlobalSection(SolutionProperties) = preSolution
		HideSolutionNode = FALSE
	EndGlobalSection
	GlobalSection(NestedProjects) = preSolution
		{02E7A27B-B9A0-4C12-A3D9-800329D2AAE0} = {C7A88986-138B-41FF-8A66-6236FC6CCC2A}
		{18913ADA-04D1-4050-BB0E-3CAB34F38BFF} = {C7A88986-138B-41FF-8A66-6236FC6CCC2A}
		{4F8CB004-9659-4D6F-8CF2-49875A6FA0FE} = {C7A88986-138B-41FF-8A66-6236FC6CCC2A}
	EndGlobalSection
	GlobalSection(ExtensibilityGlobals) = postSolution
		SolutionGuid = {8B9A8F5A-14A9-4B86-B7B8-583DAD477035}
	EndGlobalSection
EndGlobal
